// !$*UTF8*$!
{
	archiveVersion = 1;
	classes = {
	};
	objectVersion = 50;
	objects = {

/* Begin PBXBuildFile section */
		470858B8211196DB00B770C6 /* AppDelegate.swift in Sources */ = {isa = PBXBuildFile; fileRef = 470858B7211196DB00B770C6 /* AppDelegate.swift */; };
		470858BA211196DB00B770C6 /* ViewController.swift in Sources */ = {isa = PBXBuildFile; fileRef = 470858B9211196DB00B770C6 /* ViewController.swift */; };
		470858BD211196DB00B770C6 /* Main.storyboard in Resources */ = {isa = PBXBuildFile; fileRef = 470858BB211196DB00B770C6 /* Main.storyboard */; };
		470858BF211196DD00B770C6 /* Assets.xcassets in Resources */ = {isa = PBXBuildFile; fileRef = 470858BE211196DD00B770C6 /* Assets.xcassets */; };
		470858C2211196DD00B770C6 /* LaunchScreen.storyboard in Resources */ = {isa = PBXBuildFile; fileRef = 470858C0211196DD00B770C6 /* LaunchScreen.storyboard */; };
		470858CD211196DD00B770C6 /* WBEampleTests.swift in Sources */ = {isa = PBXBuildFile; fileRef = 470858CC211196DD00B770C6 /* WBEampleTests.swift */; };
		470858D8211196DD00B770C6 /* WBEampleUITests.swift in Sources */ = {isa = PBXBuildFile; fileRef = 470858D7211196DD00B770C6 /* WBEampleUITests.swift */; };
		4731C3842113257800327B9F /* VideoPlayerView.swift in Sources */ = {isa = PBXBuildFile; fileRef = 4731C3832113257800327B9F /* VideoPlayerView.swift */; };
		4731C3862114311B00327B9F /* Chapter.swift in Sources */ = {isa = PBXBuildFile; fileRef = 4731C3852114311B00327B9F /* Chapter.swift */; };
		4731C388211440CD00327B9F /* best.mp3 in Resources */ = {isa = PBXBuildFile; fileRef = 4731C387211440CD00327B9F /* best.mp3 */; };
/* End PBXBuildFile section */

/* Begin PBXContainerItemProxy section */
		470858C9211196DD00B770C6 /* PBXContainerItemProxy */ = {
			isa = PBXContainerItemProxy;
			containerPortal = 470858AC211196DB00B770C6 /* Project object */;
			proxyType = 1;
			remoteGlobalIDString = 470858B3211196DB00B770C6;
			remoteInfo = WBEample;
		};
		470858D4211196DD00B770C6 /* PBXContainerItemProxy */ = {
			isa = PBXContainerItemProxy;
			containerPortal = 470858AC211196DB00B770C6 /* Project object */;
			proxyType = 1;
			remoteGlobalIDString = 470858B3211196DB00B770C6;
			remoteInfo = WBEample;
		};
/* End PBXContainerItemProxy section */

/* Begin PBXFileReference section */
		470858B4211196DB00B770C6 /* WBEample.app */ = {isa = PBXFileReference; explicitFileType = wrapper.application; includeInIndex = 0; path = WBEample.app; sourceTree = BUILT_PRODUCTS_DIR; };
		470858B7211196DB00B770C6 /* AppDelegate.swift */ = {isa = PBXFileReference; lastKnownFileType = sourcecode.swift; path = AppDelegate.swift; sourceTree = "<group>"; };
		470858B9211196DB00B770C6 /* ViewController.swift */ = {isa = PBXFileReference; lastKnownFileType = sourcecode.swift; path = ViewController.swift; sourceTree = "<group>"; };
		470858BC211196DB00B770C6 /* Base */ = {isa = PBXFileReference; lastKnownFileType = file.storyboard; name = Base; path = Base.lproj/Main.storyboard; sourceTree = "<group>"; };
		470858BE211196DD00B770C6 /* Assets.xcassets */ = {isa = PBXFileReference; lastKnownFileType = folder.assetcatalog; path = Assets.xcassets; sourceTree = "<group>"; };
		470858C1211196DD00B770C6 /* Base */ = {isa = PBXFileReference; lastKnownFileType = file.storyboard; name = Base; path = Base.lproj/LaunchScreen.storyboard; sourceTree = "<group>"; };
		470858C3211196DD00B770C6 /* Info.plist */ = {isa = PBXFileReference; lastKnownFileType = text.plist.xml; path = Info.plist; sourceTree = "<group>"; };
		470858C8211196DD00B770C6 /* WBEampleTests.xctest */ = {isa = PBXFileReference; explicitFileType = wrapper.cfbundle; includeInIndex = 0; path = WBEampleTests.xctest; sourceTree = BUILT_PRODUCTS_DIR; };
		470858CC211196DD00B770C6 /* WBEampleTests.swift */ = {isa = PBXFileReference; lastKnownFileType = sourcecode.swift; path = WBEampleTests.swift; sourceTree = "<group>"; };
		470858CE211196DD00B770C6 /* Info.plist */ = {isa = PBXFileReference; lastKnownFileType = text.plist.xml; path = Info.plist; sourceTree = "<group>"; };
		470858D3211196DD00B770C6 /* WBEampleUITests.xctest */ = {isa = PBXFileReference; explicitFileType = wrapper.cfbundle; includeInIndex = 0; path = WBEampleUITests.xctest; sourceTree = BUILT_PRODUCTS_DIR; };
		470858D7211196DD00B770C6 /* WBEampleUITests.swift */ = {isa = PBXFileReference; lastKnownFileType = sourcecode.swift; path = WBEampleUITests.swift; sourceTree = "<group>"; };
		470858D9211196DD00B770C6 /* Info.plist */ = {isa = PBXFileReference; lastKnownFileType = text.plist.xml; path = Info.plist; sourceTree = "<group>"; };
		470858E52111970500B770C6 /* README.md */ = {isa = PBXFileReference; lastKnownFileType = net.daringfireball.markdown; path = README.md; sourceTree = "<group>"; };
		470858E62111A42800B770C6 /* SystemConfigurationFramework.md */ = {isa = PBXFileReference; lastKnownFileType = net.daringfireball.markdown; path = SystemConfigurationFramework.md; sourceTree = "<group>"; };
		4731C3832113257800327B9F /* VideoPlayerView.swift */ = {isa = PBXFileReference; fileEncoding = 4; lastKnownFileType = sourcecode.swift; path = VideoPlayerView.swift; sourceTree = "<group>"; };
		4731C3852114311B00327B9F /* Chapter.swift */ = {isa = PBXFileReference; lastKnownFileType = sourcecode.swift; path = Chapter.swift; sourceTree = "<group>"; };
		4731C387211440CD00327B9F /* best.mp3 */ = {isa = PBXFileReference; lastKnownFileType = audio.mp3; path = best.mp3; sourceTree = "<group>"; };
/* End PBXFileReference section */

/* Begin PBXFrameworksBuildPhase section */
		470858B1211196DB00B770C6 /* Frameworks */ = {
			isa = PBXFrameworksBuildPhase;
			buildActionMask = 2147483647;
			files = (
			);
			runOnlyForDeploymentPostprocessing = 0;
		};
		470858C5211196DD00B770C6 /* Frameworks */ = {
			isa = PBXFrameworksBuildPhase;
			buildActionMask = 2147483647;
			files = (
			);
			runOnlyForDeploymentPostprocessing = 0;
		};
		470858D0211196DD00B770C6 /* Frameworks */ = {
			isa = PBXFrameworksBuildPhase;
			buildActionMask = 2147483647;
			files = (
			);
			runOnlyForDeploymentPostprocessing = 0;
		};
/* End PBXFrameworksBuildPhase section */

/* Begin PBXGroup section */
		470858AB211196DB00B770C6 = {
			isa = PBXGroup;
			children = (
				470858E52111970500B770C6 /* README.md */,
				470858E62111A42800B770C6 /* SystemConfigurationFramework.md */,
				470858B6211196DB00B770C6 /* WBEample */,
				470858CB211196DD00B770C6 /* WBEampleTests */,
				470858D6211196DD00B770C6 /* WBEampleUITests */,
				470858B5211196DB00B770C6 /* Products */,
			);
			sourceTree = "<group>";
		};
		470858B5211196DB00B770C6 /* Products */ = {
			isa = PBXGroup;
			children = (
				470858B4211196DB00B770C6 /* WBEample.app */,
				470858C8211196DD00B770C6 /* WBEampleTests.xctest */,
				470858D3211196DD00B770C6 /* WBEampleUITests.xctest */,
			);
			name = Products;
			sourceTree = "<group>";
		};
		470858B6211196DB00B770C6 /* WBEample */ = {
			isa = PBXGroup;
			children = (
				470858B7211196DB00B770C6 /* AppDelegate.swift */,
				470858B9211196DB00B770C6 /* ViewController.swift */,
				4731C3852114311B00327B9F /* Chapter.swift */,
				4731C3832113257800327B9F /* VideoPlayerView.swift */,
				470858BB211196DB00B770C6 /* Main.storyboard */,
				4731C387211440CD00327B9F /* best.mp3 */,
				470858BE211196DD00B770C6 /* Assets.xcassets */,
				470858C0211196DD00B770C6 /* LaunchScreen.storyboard */,
				470858C3211196DD00B770C6 /* Info.plist */,
			);
			path = WBEample;
			sourceTree = "<group>";
		};
		470858CB211196DD00B770C6 /* WBEampleTests */ = {
			isa = PBXGroup;
			children = (
				470858CC211196DD00B770C6 /* WBEampleTests.swift */,
				470858CE211196DD00B770C6 /* Info.plist */,
			);
			path = WBEampleTests;
			sourceTree = "<group>";
		};
		470858D6211196DD00B770C6 /* WBEampleUITests */ = {
			isa = PBXGroup;
			children = (
				470858D7211196DD00B770C6 /* WBEampleUITests.swift */,
				470858D9211196DD00B770C6 /* Info.plist */,
			);
			path = WBEampleUITests;
			sourceTree = "<group>";
		};
/* End PBXGroup section */

/* Begin PBXNativeTarget section */
		470858B3211196DB00B770C6 /* WBEample */ = {
			isa = PBXNativeTarget;
			buildConfigurationList = 470858DC211196DD00B770C6 /* Build configuration list for PBXNativeTarget "WBEample" */;
			buildPhases = (
				470858B0211196DB00B770C6 /* Sources */,
				470858B1211196DB00B770C6 /* Frameworks */,
				470858B2211196DB00B770C6 /* Resources */,
			);
			buildRules = (
			);
			dependencies = (
			);
			name = WBEample;
			productName = WBEample;
			productReference = 470858B4211196DB00B770C6 /* WBEample.app */;
			productType = "com.apple.product-type.application";
		};
		470858C7211196DD00B770C6 /* WBEampleTests */ = {
			isa = PBXNativeTarget;
			buildConfigurationList = 470858DF211196DD00B770C6 /* Build configuration list for PBXNativeTarget "WBEampleTests" */;
			buildPhases = (
				470858C4211196DD00B770C6 /* Sources */,
				470858C5211196DD00B770C6 /* Frameworks */,
				470858C6211196DD00B770C6 /* Resources */,
			);
			buildRules = (
			);
			dependencies = (
				470858CA211196DD00B770C6 /* PBXTargetDependency */,
			);
			name = WBEampleTests;
			productName = WBEampleTests;
			productReference = 470858C8211196DD00B770C6 /* WBEampleTests.xctest */;
			productType = "com.apple.product-type.bundle.unit-test";
		};
		470858D2211196DD00B770C6 /* WBEampleUITests */ = {
			isa = PBXNativeTarget;
			buildConfigurationList = 470858E2211196DD00B770C6 /* Build configuration list for PBXNativeTarget "WBEampleUITests" */;
			buildPhases = (
				470858CF211196DD00B770C6 /* Sources */,
				470858D0211196DD00B770C6 /* Frameworks */,
				470858D1211196DD00B770C6 /* Resources */,
			);
			buildRules = (
			);
			dependencies = (
				470858D5211196DD00B770C6 /* PBXTargetDependency */,
			);
			name = WBEampleUITests;
			productName = WBEampleUITests;
			productReference = 470858D3211196DD00B770C6 /* WBEampleUITests.xctest */;
			productType = "com.apple.product-type.bundle.ui-testing";
		};
/* End PBXNativeTarget section */

/* Begin PBXProject section */
		470858AC211196DB00B770C6 /* Project object */ = {
			isa = PBXProject;
			attributes = {
				LastSwiftUpdateCheck = 0940;
				LastUpgradeCheck = 0940;
				ORGANIZATIONNAME = com.gk;
				TargetAttributes = {
					470858B3211196DB00B770C6 = {
						CreatedOnToolsVersion = 9.4.1;
						SystemCapabilities = {
							com.apple.BackgroundModes = {
								enabled = 1;
							};
						};
					};
					470858C7211196DD00B770C6 = {
						CreatedOnToolsVersion = 9.4.1;
						TestTargetID = 470858B3211196DB00B770C6;
					};
					470858D2211196DD00B770C6 = {
						CreatedOnToolsVersion = 9.4.1;
						TestTargetID = 470858B3211196DB00B770C6;
					};
				};
			};
			buildConfigurationList = 470858AF211196DB00B770C6 /* Build configuration list for PBXProject "WBEample" */;
			compatibilityVersion = "Xcode 9.3";
			developmentRegion = en;
			hasScannedForEncodings = 0;
			knownRegions = (
				en,
				Base,
			);
			mainGroup = 470858AB211196DB00B770C6;
			productRefGroup = 470858B5211196DB00B770C6 /* Products */;
			projectDirPath = "";
			projectRoot = "";
			targets = (
				470858B3211196DB00B770C6 /* WBEample */,
				470858C7211196DD00B770C6 /* WBEampleTests */,
				470858D2211196DD00B770C6 /* WBEampleUITests */,
			);
		};
/* End PBXProject section */

/* Begin PBXResourcesBuildPhase section */
		470858B2211196DB00B770C6 /* Resources */ = {
			isa = PBXResourcesBuildPhase;
			buildActionMask = 2147483647;
			files = (
				470858C2211196DD00B770C6 /* LaunchScreen.storyboard in Resources */,
				4731C388211440CD00327B9F /* best.mp3 in Resources */,
				470858BF211196DD00B770C6 /* Assets.xcassets in Resources */,
				470858BD211196DB00B770C6 /* Main.storyboard in Resources */,
			);
			runOnlyForDeploymentPostprocessing = 0;
		};
		470858C6211196DD00B770C6 /* Resources */ = {
			isa = PBXResourcesBuildPhase;
			buildActionMask = 2147483647;
			files = (
			);
			runOnlyForDeploymentPostprocessing = 0;
		};
		470858D1211196DD00B770C6 /* Resources */ = {
			isa = PBXResourcesBuildPhase;
			buildActionMask = 2147483647;
			files = (
			);
			runOnlyForDeploymentPostprocessing = 0;
		};
/* End PBXResourcesBuildPhase section */

/* Begin PBXSourcesBuildPhase section */
		470858B0211196DB00B770C6 /* Sources */ = {
			isa = PBXSourcesBuildPhase;
			buildActionMask = 2147483647;
			files = (
				470858BA211196DB00B770C6 /* ViewController.swift in Sources */,
				470858B8211196DB00B770C6 /* AppDelegate.swift in Sources */,
				4731C3842113257800327B9F /* VideoPlayerView.swift in Sources */,
				4731C3862114311B00327B9F /* Chapter.swift in Sources */,
			);
			runOnlyForDeploymentPostprocessing = 0;
		};
		470858C4211196DD00B770C6 /* Sources */ = {
			isa = PBXSourcesBuildPhase;
			buildActionMask = 2147483647;
			files = (
				470858CD211196DD00B770C6 /* WBEampleTests.swift in Sources */,
			);
			runOnlyForDeploymentPostprocessing = 0;
		};
		470858CF211196DD00B770C6 /* Sources */ = {
			isa = PBXSourcesBuildPhase;
			buildActionMask = 2147483647;
			files = (
				470858D8211196DD00B770C6 /* WBEampleUITests.swift in Sources */,
			);
			runOnlyForDeploymentPostprocessing = 0;
		};
/* End PBXSourcesBuildPhase section */

/* Begin PBXTargetDependency section */
		470858CA211196DD00B770C6 /* PBXTargetDependency */ = {
			isa = PBXTargetDependency;
			target = 470858B3211196DB00B770C6 /* WBEample */;
			targetProxy = 470858C9211196DD00B770C6 /* PBXContainerItemProxy */;
		};
		470858D5211196DD00B770C6 /* PBXTargetDependency */ = {
			isa = PBXTargetDependency;
			target = 470858B3211196DB00B770C6 /* WBEample */;
			targetProxy = 470858D4211196DD00B770C6 /* PBXContainerItemProxy */;
		};
/* End PBXTargetDependency section */

/* Begin PBXVariantGroup section */
		470858BB211196DB00B770C6 /* Main.storyboard */ = {
			isa = PBXVariantGroup;
			children = (
				470858BC211196DB00B770C6 /* Base */,
			);
			name = Main.storyboard;
			sourceTree = "<group>";
		};
		470858C0211196DD00B770C6 /* LaunchScreen.storyboard */ = {
			isa = PBXVariantGroup;
			children = (
				470858C1211196DD00B770C6 /* Base */,
			);
			name = LaunchScreen.storyboard;
			sourceTree = "<group>";
		};
/* End PBXVariantGroup section */

/* Begin XCBuildConfiguration section */
		470858DA211196DD00B770C6 /* Debug */ = {
			isa = XCBuildConfiguration;
			buildSettings = {
				ALWAYS_SEARCH_USER_PATHS = NO;
				CLANG_ANALYZER_NONNULL = YES;
				CLANG_ANALYZER_NUMBER_OBJECT_CONVERSION = YES_AGGRESSIVE;
				CLANG_CXX_LANGUAGE_STANDARD = "gnu++14";
				CLANG_CXX_LIBRARY = "libc++";
				CLANG_ENABLE_MODULES = YES;
				CLANG_ENABLE_OBJC_ARC = YES;
				CLANG_ENABLE_OBJC_WEAK = YES;
				CLANG_WARN_BLOCK_CAPTURE_AUTORELEASING = YES;
				CLANG_WARN_BOOL_CONVERSION = YES;
				CLANG_WARN_COMMA = YES;
				CLANG_WARN_CONSTANT_CONVERSION = YES;
				CLANG_WARN_DEPRECATED_OBJC_IMPLEMENTATIONS = YES;
				CLANG_WARN_DIRECT_OBJC_ISA_USAGE = YES_ERROR;
				CLANG_WARN_DOCUMENTATION_COMMENTS = YES;
				CLANG_WARN_EMPTY_BODY = YES;
				CLANG_WARN_ENUM_CONVERSION = YES;
				CLANG_WARN_INFINITE_RECURSION = YES;
				CLANG_WARN_INT_CONVERSION = YES;
				CLANG_WARN_NON_LITERAL_NULL_CONVERSION = YES;
				CLANG_WARN_OBJC_IMPLICIT_RETAIN_SELF = YES;
				CLANG_WARN_OBJC_LITERAL_CONVERSION = YES;
				CLANG_WARN_OBJC_ROOT_CLASS = YES_ERROR;
				CLANG_WARN_RANGE_LOOP_ANALYSIS = YES;
				CLANG_WARN_STRICT_PROTOTYPES = YES;
				CLANG_WARN_SUSPICIOUS_MOVE = YES;
				CLANG_WARN_UNGUARDED_AVAILABILITY = YES_AGGRESSIVE;
				CLANG_WARN_UNREACHABLE_CODE = YES;
				CLANG_WARN__DUPLICATE_METHOD_MATCH = YES;
				CODE_SIGN_IDENTITY = "iPhone Developer";
				COPY_PHASE_STRIP = NO;
				DEBUG_INFORMATION_FORMAT = dwarf;
				ENABLE_STRICT_OBJC_MSGSEND = YES;
				ENABLE_TESTABILITY = YES;
				GCC_C_LANGUAGE_STANDARD = gnu11;
				GCC_DYNAMIC_NO_PIC = NO;
				GCC_NO_COMMON_BLOCKS = YES;
				GCC_OPTIMIZATION_LEVEL = 0;
				GCC_PREPROCESSOR_DEFINITIONS = (
					"DEBUG=1",
					"$(inherited)",
				);
				GCC_WARN_64_TO_32_BIT_CONVERSION = YES;
				GCC_WARN_ABOUT_RETURN_TYPE = YES_ERROR;
				GCC_WARN_UNDECLARED_SELECTOR = YES;
				GCC_WARN_UNINITIALIZED_AUTOS = YES_AGGRESSIVE;
				GCC_WARN_UNUSED_FUNCTION = YES;
				GCC_WARN_UNUSED_VARIABLE = YES;
				IPHONEOS_DEPLOYMENT_TARGET = 11.4;
				MTL_ENABLE_DEBUG_INFO = YES;
				ONLY_ACTIVE_ARCH = YES;
				SDKROOT = iphoneos;
				SWIFT_ACTIVE_COMPILATION_CONDITIONS = DEBUG;
				SWIFT_OPTIMIZATION_LEVEL = "-Onone";
			};
			name = Debug;
		};
		470858DB211196DD00B770C6 /* Release */ = {
			isa = XCBuildConfiguration;
			buildSettings = {
				ALWAYS_SEARCH_USER_PATHS = NO;
				CLANG_ANALYZER_NONNULL = YES;
				CLANG_ANALYZER_NUMBER_OBJECT_CONVERSION = YES_AGGRESSIVE;
				CLANG_CXX_LANGUAGE_STANDARD = "gnu++14";
				CLANG_CXX_LIBRARY = "libc++";
				CLANG_ENABLE_MODULES = YES;
				CLANG_ENABLE_OBJC_ARC = YES;
				CLANG_ENABLE_OBJC_WEAK = YES;
				CLANG_WARN_BLOCK_CAPTURE_AUTORELEASING = YES;
				CLANG_WARN_BOOL_CONVERSION = YES;
				CLANG_WARN_COMMA = YES;
				CLANG_WARN_CONSTANT_CONVERSION = YES;
				CLANG_WARN_DEPRECATED_OBJC_IMPLEMENTATIONS = YES;
				CLANG_WARN_DIRECT_OBJC_ISA_USAGE = YES_ERROR;
				CLANG_WARN_DOCUMENTATION_COMMENTS = YES;
				CLANG_WARN_EMPTY_BODY = YES;
				CLANG_WARN_ENUM_CONVERSION = YES;
				CLANG_WARN_INFINITE_RECURSION = YES;
				CLANG_WARN_INT_CONVERSION = YES;
				CLANG_WARN_NON_LITERAL_NULL_CONVERSION = YES;
				CLANG_WARN_OBJC_IMPLICIT_RETAIN_SELF = YES;
				CLANG_WARN_OBJC_LITERAL_CONVERSION = YES;
				CLANG_WARN_OBJC_ROOT_CLASS = YES_ERROR;
				CLANG_WARN_RANGE_LOOP_ANALYSIS = YES;
				CLANG_WARN_STRICT_PROTOTYPES = YES;
				CLANG_WARN_SUSPICIOUS_MOVE = YES;
				CLANG_WARN_UNGUARDED_AVAILABILITY = YES_AGGRESSIVE;
				CLANG_WARN_UNREACHABLE_CODE = YES;
				CLANG_WARN__DUPLICATE_METHOD_MATCH = YES;
				CODE_SIGN_IDENTITY = "iPhone Developer";
				COPY_PHASE_STRIP = NO;
				DEBUG_INFORMATION_FORMAT = "dwarf-with-dsym";
				ENABLE_NS_ASSERTIONS = NO;
				ENABLE_STRICT_OBJC_MSGSEND = YES;
				GCC_C_LANGUAGE_STANDARD = gnu11;
				GCC_NO_COMMON_BLOCKS = YES;
				GCC_WARN_64_TO_32_BIT_CONVERSION = YES;
				GCC_WARN_ABOUT_RETURN_TYPE = YES_ERROR;
				GCC_WARN_UNDECLARED_SELECTOR = YES;
				GCC_WARN_UNINITIALIZED_AUTOS = YES_AGGRESSIVE;
				GCC_WARN_UNUSED_FUNCTION = YES;
				GCC_WARN_UNUSED_VARIABLE = YES;
				IPHONEOS_DEPLOYMENT_TARGET = 11.4;
				MTL_ENABLE_DEBUG_INFO = NO;
				SDKROOT = iphoneos;
				SWIFT_COMPILATION_MODE = wholemodule;
				SWIFT_OPTIMIZATION_LEVEL = "-O";
				VALIDATE_PRODUCT = YES;
			};
			name = Release;
		};
		470858DD211196DD00B770C6 /* Debug */ = {
			isa = XCBuildConfiguration;
			buildSettings = {
				ASSETCATALOG_COMPILER_APPICON_NAME = AppIcon;
				CODE_SIGN_STYLE = Automatic;
				DEVELOPMENT_TEAM = 65LXM77DMH;
				INFOPLIST_FILE = WBEample/Info.plist;
				LD_RUNPATH_SEARCH_PATHS = (
					"$(inherited)",
					"@executable_path/Frameworks",
				);
				PRODUCT_BUNDLE_IDENTIFIER = com.gk.example.WBEample;
				PRODUCT_NAME = "$(TARGET_NAME)";
				SWIFT_VERSION = 4.0;
				TARGETED_DEVICE_FAMILY = "1,2";
			};
			name = Debug;
		};
		470858DE211196DD00B770C6 /* Release */ = {
			isa = XCBuildConfiguration;
			buildSettings = {
				ASSETCATALOG_COMPILER_APPICON_NAME = AppIcon;
				CODE_SIGN_STYLE = Automatic;
				DEVELOPMENT_TEAM = 65LXM77DMH;
				INFOPLIST_FILE = WBEample/Info.plist;
				LD_RUNPATH_SEARCH_PATHS = (
					"$(inherited)",
					"@executable_path/Frameworks",
				);
				PRODUCT_BUNDLE_IDENTIFIER = com.gk.example.WBEample;
				PRODUCT_NAME = "$(TARGET_NAME)";
				SWIFT_VERSION = 4.0;
				TARGETED_DEVICE_FAMILY = "1,2";
			};
			name = Release;
		};
		470858E0211196DD00B770C6 /* Debug */ = {
			isa = XCBuildConfiguration;
			buildSettings = {
				ALWAYS_EMBED_SWIFT_STANDARD_LIBRARIES = YES;
				BUNDLE_LOADER = "$(TEST_HOST)";
				CODE_SIGN_STYLE = Automatic;
				DEVELOPMENT_TEAM = 65LXM77DMH;
				INFOPLIST_FILE = WBEampleTests/Info.plist;
				LD_RUNPATH_SEARCH_PATHS = (
					"$(inherited)",
					"@executable_path/Frameworks",
					"@loader_path/Frameworks",
				);
				PRODUCT_BUNDLE_IDENTIFIER = com.gk.example.WBEampleTests;
				PRODUCT_NAME = "$(TARGET_NAME)";
				SWIFT_VERSION = 4.0;
				TARGETED_DEVICE_FAMILY = "1,2";
				TEST_HOST = "$(BUILT_PRODUCTS_DIR)/WBEample.app/WBEample";
			};
			name = Debug;
		};
		470858E1211196DD00B770C6 /* Release */ = {
			isa = XCBuildConfiguration;
			buildSettings = {
				ALWAYS_EMBED_SWIFT_STANDARD_LIBRARIES = YES;
				BUNDLE_LOADER = "$(TEST_HOST)";
				CODE_SIGN_STYLE = Automatic;
				DEVELOPMENT_TEAM = 65LXM77DMH;
				INFOPLIST_FILE = WBEampleTests/Info.plist;
				LD_RUNPATH_SEARCH_PATHS = (
					"$(inherited)",
					"@executable_path/Frameworks",
					"@loader_path/Frameworks",
				);
				PRODUCT_BUNDLE_IDENTIFIER = com.gk.example.WBEampleTests;
				PRODUCT_NAME = "$(TARGET_NAME)";
				SWIFT_VERSION = 4.0;
				TARGETED_DEVICE_FAMILY = "1,2";
				TEST_HOST = "$(BUILT_PRODUCTS_DIR)/WBEample.app/WBEample";
			};
			name = Release;
		};
		470858E3211196DD00B770C6 /* Debug */ = {
			isa = XCBuildConfiguration;
			buildSettings = {
				ALWAYS_EMBED_SWIFT_STANDARD_LIBRARIES = YES;
				CODE_SIGN_STYLE = Automatic;
				DEVELOPMENT_TEAM = 65LXM77DMH;
				INFOPLIST_FILE = WBEampleUITests/Info.plist;
				LD_RUNPATH_SEARCH_PATHS = (
					"$(inherited)",
					"@executable_path/Frameworks",
					"@loader_path/Frameworks",
				);
				PRODUCT_BUNDLE_IDENTIFIER = com.gk.example.WBEampleUITests;
				PRODUCT_NAME = "$(TARGET_NAME)";
				SWIFT_VERSION = 4.0;
				TARGETED_DEVICE_FAMILY = "1,2";
				TEST_TARGET_NAME = WBEample;
			};
			name = Debug;
		};
		470858E4211196DD00B770C6 /* Release */ = {
			isa = XCBuildConfiguration;
			buildSettings = {
				ALWAYS_EMBED_SWIFT_STANDARD_LIBRARIES = YES;
				CODE_SIGN_STYLE = Automatic;
				DEVELOPMENT_TEAM = 65LXM77DMH;
				INFOPLIST_FILE = WBEampleUITests/Info.plist;
				LD_RUNPATH_SEARCH_PATHS = (
					"$(inherited)",
					"@executable_path/Frameworks",
					"@loader_path/Frameworks",
				);
				PRODUCT_BUNDLE_IDENTIFIER = com.gk.example.WBEampleUITests;
				PRODUCT_NAME = "$(TARGET_NAME)";
				SWIFT_VERSION = 4.0;
				TARGETED_DEVICE_FAMILY = "1,2";
				TEST_TARGET_NAME = WBEample;
			};
			name = Release;
		};
/* End XCBuildConfiguration section */

/* Begin XCConfigurationList section */
		470858AF211196DB00B770C6 /* Build configuration list for PBXProject "WBEample" */ = {
			isa = XCConfigurationList;
			buildConfigurations = (
				470858DA211196DD00B770C6 /* Debug */,
				470858DB211196DD00B770C6 /* Release */,
			);
			defaultConfigurationIsVisible = 0;
			defaultConfigurationName = Release;
		};
		470858DC211196DD00B770C6 /* Build configuration list for PBXNativeTarget "WBEample" */ = {
			isa = XCConfigurationList;
			buildConfigurations = (
				470858DD211196DD00B770C6 /* Debug */,
				470858DE211196DD00B770C6 /* Release */,
			);
			defaultConfigurationIsVisible = 0;
			defaultConfigurationName = Release;
		};
		470858DF211196DD00B770C6 /* Build configuration list for PBXNativeTarget "WBEampleTests" */ = {
			isa = XCConfigurationList;
			buildConfigurations = (
				470858E0211196DD00B770C6 /* Debug */,
				470858E1211196DD00B770C6 /* Release */,
			);
			defaultConfigurationIsVisible = 0;
			defaultConfigurationName = Release;
		};
		470858E2211196DD00B770C6 /* Build configuration list for PBXNativeTarget "WBEampleUITests" */ = {
			isa = XCConfigurationList;
			buildConfigurations = (
				470858E3211196DD00B770C6 /* Debug */,
				470858E4211196DD00B770C6 /* Release */,
			);
			defaultConfigurationIsVisible = 0;
			defaultConfigurationName = Release;
		};
/* End XCConfigurationList section */
	};
	rootObject = 470858AC211196DB00B770C6 /* Project object */;
}
